{
  "name": "4-todolist",
  "version": "1.0.0",
  "lockfileVersion": 3,
  "requires": true,
  "packages": {
    "": {
      "name": "4-todolist",
      "version": "1.0.0",
      "license": "ISC",
      "dependencies": {
        "gh-pages": "^6.3.0",
        "parcel": "^2.16.3"
      }
    },
    "../../../../../node_modules/.pnpm/gh-pages@6.3.0/node_modules/gh-pages": {
      "version": "6.3.0",
      "license": "MIT",
      "dependencies": {
        "async": "^3.2.4",
        "commander": "^13.0.0",
        "email-addresses": "^5.0.0",
        "filenamify": "^4.3.0",
        "find-cache-dir": "^3.3.1",
        "fs-extra": "^11.1.1",
        "globby": "^11.1.0"
      },
      "bin": {
        "gh-pages": "bin/gh-pages.js",
        "gh-pages-clean": "bin/gh-pages-clean.js"
      },
      "devDependencies": {
        "chai": "^4.3.7",
        "dir-compare": "^5.0.0",
        "eslint": "^9.16.0",
        "eslint-config-tschaub": "^15.2.0",
        "mocha": "^11.0.1",
        "sinon": "^19.0.2",
        "tmp": "^0.2.1"
      },
      "engines": {
        "node": ">=10"
      }
    },
    "../../../../../node_modules/.pnpm/parcel@2.16.3_@swc+helpers@0.5.17/node_modules/parcel": {
      "version": "2.16.3",
      "license": "MIT",
      "dependencies": {
        "@parcel/config-default": "2.16.3",
        "@parcel/core": "2.16.3",
        "@parcel/diagnostic": "2.16.3",
        "@parcel/events": "2.16.3",
        "@parcel/feature-flags": "2.16.3",
        "@parcel/fs": "2.16.3",
        "@parcel/logger": "2.16.3",
        "@parcel/package-manager": "2.16.3",
        "@parcel/reporter-cli": "2.16.3",
        "@parcel/reporter-dev-server": "2.16.3",
        "@parcel/reporter-tracer": "2.16.3",
        "@parcel/utils": "2.16.3",
        "chalk": "^4.1.2",
        "commander": "^12.1.0",
        "get-port": "^4.2.0"
      },
      "bin": {
        "parcel": "lib/bin.js"
      },
      "devDependencies": {
        "@babel/core": "^7.22.11",
        "@parcel/babel-register": "2.16.3"
      },
      "engines": {
        "node": ">= 16.0.0"
      },
      "funding": {
        "type": "opencollective",
        "url": "https://opencollective.com/parcel"
      }
    },
    "node_modules/gh-pages": {
      "resolved": "../../../../../node_modules/.pnpm/gh-pages@6.3.0/node_modules/gh-pages",
      "link": true
    },
    "node_modules/parcel": {
      "resolved": "../../../../../node_modules/.pnpm/parcel@2.16.3_@swc+helpers@0.5.17/node_modules/parcel",
      "link": true
    }
  }
}
